
Microsoft Visual Studio Solution File, Format Version 12.00
# Visual Studio Version 17
VisualStudioVersion = 17.0.31903.59
MinimumVisualStudioVersion = 10.0.40219.1
Project("{FAE04EC0-301F-11D3-BF4B-00C04F79EFBC}") = "PeopleGenerator.Web", "PeopleGenerator.Web\PeopleGenerator.Web.csproj", "{24514819-9DDC-4536-ADBA-1695B8A72A7D}"
EndProject
Project("{FAE04EC0-301F-11D3-BF4B-00C04F79EFBC}") = "PeopleGenerator.Data", "PeopleGenerator.Data\PeopleGenerator.Data.csproj", "{0D1EB4B6-F551-4F3B-9B69-2C2B257C7BC1}"
EndProject
Global
	GlobalSection(SolutionConfigurationPlatforms) = preSolution
		Debug|Any CPU = Debug|Any CPU
		Release|Any CPU = Release|Any CPU
	EndGlobalSection
	GlobalSection(SolutionProperties) = preSolution
		HideSolutionNode = FALSE
	EndGlobalSection
	GlobalSection(ProjectConfigurationPlatforms) = postSolution
		{24514819-9DDC-4536-ADBA-1695B8A72A7D}.Debug|Any CPU.ActiveCfg = Debug|Any CPU
		{24514819-9DDC-4536-ADBA-1695B8A72A7D}.Debug|Any CPU.Build.0 = Debug|Any CPU
		{24514819-9DDC-4536-ADBA-1695B8A72A7D}.Release|Any CPU.ActiveCfg = Release|Any CPU
		{24514819-9DDC-4536-ADBA-1695B8A72A7D}.Release|Any CPU.Build.0 = Release|Any CPU
		{0D1EB4B6-F551-4F3B-9B69-2C2B257C7BC1}.Debug|Any CPU.ActiveCfg = Debug|Any CPU
		{0D1EB4B6-F551-4F3B-9B69-2C2B257C7BC1}.Debug|Any CPU.Build.0 = Debug|Any CPU
		{0D1EB4B6-F551-4F3B-9B69-2C2B257C7BC1}.Release|Any CPU.ActiveCfg = Release|Any CPU
		{0D1EB4B6-F551-4F3B-9B69-2C2B257C7BC1}.Release|Any CPU.Build.0 = Release|Any CPU
	EndGlobalSection
EndGlobal
